Microsoft Visual Studio Solution File, Format Version 12.00
# Visual Studio Version 17
VisualStudioVersion = 17.5.2.0
MinimumVisualStudioVersion = 10.0.40219.1
Project("{FAE04EC0-301F-11D3-BF4B-00C04F79EFBC}") = "SOLIDHomework", "SOLIDHomework.csproj", "{7081888C-AC92-446E-3FA0-BE7A8E8C3041}"
EndProject
Global
	GlobalSection(SolutionConfigurationPlatforms) = preSolution
		Debug|Any CPU = Debug|Any CPU
		Release|Any CPU = Release|Any CPU
	EndGlobalSection
	GlobalSection(ProjectConfigurationPlatforms) = postSolution
		{7081888C-AC92-446E-3FA0-BE7A8E8C3041}.Debug|Any CPU.ActiveCfg = Debug|Any CPU
		{7081888C-AC92-446E-3FA0-BE7A8E8C3041}.Debug|Any CPU.Build.0 = Debug|Any CPU
		{7081888C-AC92-446E-3FA0-BE7A8E8C3041}.Release|Any CPU.ActiveCfg = Release|Any CPU
		{7081888C-AC92-446E-3FA0-BE7A8E8C3041}.Release|Any CPU.Build.0 = Release|Any CPU
	EndGlobalSection
	GlobalSection(SolutionProperties) = preSolution
		HideSolutionNode = FALSE
	EndGlobalSection
	GlobalSection(ExtensibilityGlobals) = postSolution
		SolutionGuid = {34FE9C7D-4E4D-4D71-848A-8A0893FBB677}
	EndGlobalSection
EndGlobal
