Microsoft Visual Studio Solution File, Format Version 12.00
# Visual Studio Version 17
VisualStudioVersion = 17.5.2.0
MinimumVisualStudioVersion = 10.0.40219.1
Project("{FAE04EC0-301F-11D3-BF4B-00C04F79EFBC}") = "SOLIDHomework2", "SOLIDHomework2.csproj", "{418FFDB6-A045-AB8A-52C8-C8D76BB65B0E}"
EndProject
Global
	GlobalSection(SolutionConfigurationPlatforms) = preSolution
		Debug|Any CPU = Debug|Any CPU
		Release|Any CPU = Release|Any CPU
	EndGlobalSection
	GlobalSection(ProjectConfigurationPlatforms) = postSolution
		{418FFDB6-A045-AB8A-52C8-C8D76BB65B0E}.Debug|Any CPU.ActiveCfg = Debug|Any CPU
		{418FFDB6-A045-AB8A-52C8-C8D76BB65B0E}.Debug|Any CPU.Build.0 = Debug|Any CPU
		{418FFDB6-A045-AB8A-52C8-C8D76BB65B0E}.Release|Any CPU.ActiveCfg = Release|Any CPU
		{418FFDB6-A045-AB8A-52C8-C8D76BB65B0E}.Release|Any CPU.Build.0 = Release|Any CPU
	EndGlobalSection
	GlobalSection(SolutionProperties) = preSolution
		HideSolutionNode = FALSE
	EndGlobalSection
	GlobalSection(ExtensibilityGlobals) = postSolution
		SolutionGuid = {6AC7ED95-F141-43F1-9EC5-F00F4754C710}
	EndGlobalSection
EndGlobal
